
Microsoft Visual Studio Solution File, Format Version 12.00
# Visual Studio 15
VisualStudioVersion = 15.0.28307.1082
MinimumVisualStudioVersion = 10.0.40219.1
Project("{2150E333-8FDC-42A3-9474-1A3956D46DE8}") = "Solution Items", "Solution Items", "{1B06AC88-2233-4E8C-BFA4-A296B72FE1E9}"
EndProject
Project("{FAE04EC0-301F-11D3-BF4B-00C04F79EFBC}") = "Ex3.WindowsUI", "Ex3.WindowsUI\Ex3.WindowsUI.csproj", "{A64F4722-53E3-49D2-9B91-5B3EE44BDF10}"
EndProject
Project("{FAE04EC0-301F-11D3-BF4B-00C04F79EFBC}") = "Ex03.GarageLogic", "Ex03.GarageLogic\Ex03.GarageLogic.csproj", "{6BFB0C62-5C58-401C-88B2-9A9EB2060430}"
EndProject
Global
	GlobalSection(SolutionConfigurationPlatforms) = preSolution
		Debug|Any CPU = Debug|Any CPU
		Release|Any CPU = Release|Any CPU
	EndGlobalSection
	GlobalSection(ProjectConfigurationPlatforms) = postSolution
		{A64F4722-53E3-49D2-9B91-5B3EE44BDF10}.Debug|Any CPU.ActiveCfg = Debug|Any CPU
		{A64F4722-53E3-49D2-9B91-5B3EE44BDF10}.Debug|Any CPU.Build.0 = Debug|Any CPU
		{A64F4722-53E3-49D2-9B91-5B3EE44BDF10}.Release|Any CPU.ActiveCfg = Release|Any CPU
		{A64F4722-53E3-49D2-9B91-5B3EE44BDF10}.Release|Any CPU.Build.0 = Release|Any CPU
		{6BFB0C62-5C58-401C-88B2-9A9EB2060430}.Debug|Any CPU.ActiveCfg = Debug|Any CPU
		{6BFB0C62-5C58-401C-88B2-9A9EB2060430}.Debug|Any CPU.Build.0 = Debug|Any CPU
		{6BFB0C62-5C58-401C-88B2-9A9EB2060430}.Release|Any CPU.ActiveCfg = Release|Any CPU
		{6BFB0C62-5C58-401C-88B2-9A9EB2060430}.Release|Any CPU.Build.0 = Release|Any CPU
	EndGlobalSection
	GlobalSection(SolutionProperties) = preSolution
		HideSolutionNode = FALSE
	EndGlobalSection
	GlobalSection(ExtensibilityGlobals) = postSolution
		SolutionGuid = {F8CEB592-8C23-45B7-96F1-209822D0BD55}
	EndGlobalSection
EndGlobal
